
Microsoft Visual Studio Solution File, Format Version 12.00
# Visual Studio Version 17
VisualStudioVersion = 17.14.36915.13 d17.14
MinimumVisualStudioVersion = 10.0.40219.1
Project("{8BC9CEB8-8B4A-11D0-8D11-00A0C91BC942}") = "3DGameServer", "3DGameServer\3DGameServer.vcxproj", "{DBA6F359-0CFE-4214-9ECD-9040B4F8C403}"
EndProject
Global
	GlobalSection(SolutionConfigurationPlatforms) = preSolution
		Debug|x64 = Debug|x64
		Debug|x86 = Debug|x86
		Release|x64 = Release|x64
		Release|x86 = Release|x86
	EndGlobalSection
	GlobalSection(ProjectConfigurationPlatforms) = postSolution
		{DBA6F359-0CFE-4214-9ECD-9040B4F8C403}.Debug|x64.ActiveCfg = Debug|x64
		{DBA6F359-0CFE-4214-9ECD-9040B4F8C403}.Debug|x64.Build.0 = Debug|x64
		{DBA6F359-0CFE-4214-9ECD-9040B4F8C403}.Debug|x86.ActiveCfg = Debug|Win32
		{DBA6F359-0CFE-4214-9ECD-9040B4F8C403}.Debug|x86.Build.0 = Debug|Win32
		{DBA6F359-0CFE-4214-9ECD-9040B4F8C403}.Release|x64.ActiveCfg = Release|x64
		{DBA6F359-0CFE-4214-9ECD-9040B4F8C403}.Release|x64.Build.0 = Release|x64
		{DBA6F359-0CFE-4214-9ECD-9040B4F8C403}.Release|x86.ActiveCfg = Release|Win32
		{DBA6F359-0CFE-4214-9ECD-9040B4F8C403}.Release|x86.Build.0 = Release|Win32
	EndGlobalSection
	GlobalSection(SolutionProperties) = preSolution
		HideSolutionNode = FALSE
	EndGlobalSection
	GlobalSection(ExtensibilityGlobals) = postSolution
		SolutionGuid = {3FC0D9E8-E021-46A9-8703-B168BF2632E1}
	EndGlobalSection
EndGlobal
