<?xml version="1.0" encoding="utf-8"?>
<Project ToolsVersion="4.0" xmlns="http://schemas.microsoft.com/developer/msbuild/2003">
  <ItemGroup>
    <Filter Include="源文件">
      <UniqueIdentifier>{4FC737F1-C7A5-4376-A066-2A32D752A2FF}</UniqueIdentifier>
      <Extensions>cpp;c;cc;cxx;c++;cppm;ixx;def;odl;idl;hpj;bat;asm;asmx</Extensions>
    </Filter>
    <Filter Include="头文件">
      <UniqueIdentifier>{93995380-89BD-4b04-88EB-625FBE52EBFB}</UniqueIdentifier>
      <Extensions>h;hh;hpp;hxx;h++;hm;inl;inc;ipp;xsd</Extensions>
    </Filter>
    <Filter Include="资源文件">
      <UniqueIdentifier>{67DA6AB6-F800-4c08-8B7A-83BB121AAD01}</UniqueIdentifier>
      <Extensions>rc;ico;cur;bmp;dlg;rc2;rct;bin;rgs;gif;jpg;jpeg;jpe;resx;tiff;tif;png;wav;mfcribbon-ms</Extensions>
    </Filter>
    <Filter Include="网络类">
      <UniqueIdentifier>{0b89aaa7-9cd8-41d6-b11c-f79e0fb1b164}</UniqueIdentifier>
    </Filter>
    <Filter Include="游戏世界">
      <UniqueIdentifier>{35642957-3d5f-42d5-8884-e6199b6d0e51}</UniqueIdentifier>
    </Filter>
    <Filter Include="工具">
      <UniqueIdentifier>{624e058e-1e94-48b8-9e04-86d4271716d4}</UniqueIdentifier>
    </Filter>
    <Filter Include="数据">
      <UniqueIdentifier>{3f853431-ae8b-4f01-aae5-b613b1ac54e6}</UniqueIdentifier>
    </Filter>
    <Filter Include="Bcrypt">
      <UniqueIdentifier>{873264f8-8cae-425e-ab3d-681dd3f46847}</UniqueIdentifier>
    </Filter>
  </ItemGroup>
  <ItemGroup>
    <ClCompile Include="main.cpp">
      <Filter>源文件</Filter>
    </ClCompile>
    <ClCompile Include="network\HttpsLoginServer.cpp">
      <Filter>网络类</Filter>
    </ClCompile>
    <ClCompile Include="network\BoostService.cpp">
      <Filter>网络类</Filter>
    </ClCompile>
    <ClCompile Include="game\GameWorldObject.cpp">
      <Filter>游戏世界</Filter>
    </ClCompile>
    <ClCompile Include="game\GameWorld.cpp">
      <Filter>游戏世界</Filter>
    </ClCompile>
    <ClCompile Include="Tool\RedisProcess.cpp">
      <Filter>工具</Filter>
    </ClCompile>
    <ClCompile Include="Bcrypt\src\bcrypt.cpp">
      <Filter>Bcrypt</Filter>
    </ClCompile>
    <ClCompile Include="Bcrypt\src\blowfish.cpp">
      <Filter>Bcrypt</Filter>
    </ClCompile>
    <ClCompile Include="Tool\MessageRouter.cpp">
      <Filter>工具</Filter>
    </ClCompile>
  </ItemGroup>
  <ItemGroup>
    <ClInclude Include="network\HttpsLoginServer.h">
      <Filter>网络类</Filter>
    </ClInclude>
    <ClInclude Include="network\BoostService.h">
      <Filter>网络类</Filter>
    </ClInclude>
    <ClInclude Include="game\GameWorldObject.h">
      <Filter>游戏世界</Filter>
    </ClInclude>
    <ClInclude Include="game\GameWorld.h">
      <Filter>游戏世界</Filter>
    </ClInclude>
    <ClInclude Include="Tool\RedisProcess.h">
      <Filter>工具</Filter>
    </ClInclude>
    <ClInclude Include="Bcrypt\include\bcrypt.h">
      <Filter>Bcrypt</Filter>
    </ClInclude>
    <ClInclude Include="Bcrypt\src\node_blf.h">
      <Filter>Bcrypt</Filter>
    </ClInclude>
    <ClInclude Include="Bcrypt\src\openbsd.h">
      <Filter>Bcrypt</Filter>
    </ClInclude>
    <ClInclude Include="network\Protocol.h">
      <Filter>网络类</Filter>
    </ClInclude>
    <ClInclude Include="Tool\MessageRouter.h">
      <Filter>工具</Filter>
    </ClInclude>
  </ItemGroup>
  <ItemGroup>
    <Text Include="..\..\通讯协议.txt">
      <Filter>资源文件</Filter>
    </Text>
  </ItemGroup>
</Project>